
Microsoft Visual Studio Solution File, Format Version 12.00
# Visual Studio Version 16
VisualStudioVersion = 16.0.31321.278
MinimumVisualStudioVersion = 10.0.40219.1
Project("{FAE04EC0-301F-11D3-BF4B-00C04F79EFBC}") = "Avanade.SubTCSE.Projeto.Api", "Avanade.SubTCSE.Projeto.Api\Avanade.SubTCSE.Projeto.Api.csproj", "{B7FE5587-0E37-47D4-9A93-42C8D256665D}"
EndProject
Global
	GlobalSection(SolutionConfigurationPlatforms) = preSolution
		Debug|Any CPU = Debug|Any CPU
		Release|Any CPU = Release|Any CPU
	EndGlobalSection
	GlobalSection(ProjectConfigurationPlatforms) = postSolution
		{B7FE5587-0E37-47D4-9A93-42C8D256665D}.Debug|Any CPU.ActiveCfg = Debug|Any CPU
		{B7FE5587-0E37-47D4-9A93-42C8D256665D}.Debug|Any CPU.Build.0 = Debug|Any CPU
		{B7FE5587-0E37-47D4-9A93-42C8D256665D}.Release|Any CPU.ActiveCfg = Release|Any CPU
		{B7FE5587-0E37-47D4-9A93-42C8D256665D}.Release|Any CPU.Build.0 = Release|Any CPU
	EndGlobalSection
	GlobalSection(SolutionProperties) = preSolution
		HideSolutionNode = FALSE
	EndGlobalSection
	GlobalSection(ExtensibilityGlobals) = postSolution
		SolutionGuid = {B5EFB64B-0C44-4603-9E31-74B17465E1B4}
	EndGlobalSection
EndGlobal
